
Microsoft Visual Studio Solution File, Format Version 12.00
# Visual Studio Version 16
VisualStudioVersion = 25.0.1706.14
MinimumVisualStudioVersion = 10.0.40219.1
Project("{FAE04EC0-301F-11D3-BF4B-00C04F79EFBC}") = "testBD", "testBD.csproj", "{2D3767B4-6824-418F-9786-7C3F08A57A21}"
EndProject
Global
	GlobalSection(SolutionConfigurationPlatforms) = preSolution
		Debug|Any CPU = Debug|Any CPU
		Release|Any CPU = Release|Any CPU
	EndGlobalSection
	GlobalSection(ProjectConfigurationPlatforms) = postSolution
		{2D3767B4-6824-418F-9786-7C3F08A57A21}.Debug|Any CPU.ActiveCfg = Debug|Any CPU
		{2D3767B4-6824-418F-9786-7C3F08A57A21}.Debug|Any CPU.Build.0 = Debug|Any CPU
		{2D3767B4-6824-418F-9786-7C3F08A57A21}.Release|Any CPU.ActiveCfg = Release|Any CPU
		{2D3767B4-6824-418F-9786-7C3F08A57A21}.Release|Any CPU.Build.0 = Release|Any CPU
	EndGlobalSection
	GlobalSection(SolutionProperties) = preSolution
		HideSolutionNode = FALSE
	EndGlobalSection
	GlobalSection(ExtensibilityGlobals) = postSolution
		SolutionGuid = {2C6ACB45-D07C-4FDB-9A05-8A651A90EF01}
	EndGlobalSection
EndGlobal
